
Microsoft Visual Studio Solution File, Format Version 12.00
# Visual Studio Version 17
VisualStudioVersion = 17.2.32630.192
MinimumVisualStudioVersion = 10.0.40219.1
Project("{FAE04EC0-301F-11D3-BF4B-00C04F79EFBC}") = "ConsoleApp11", "ConsoleApp11\ConsoleApp11.csproj", "{E3F935EC-B269-4149-A4C7-85F914D7218A}"
EndProject
Global
	GlobalSection(SolutionConfigurationPlatforms) = preSolution
		Debug|Any CPU = Debug|Any CPU
		Release|Any CPU = Release|Any CPU
	EndGlobalSection
	GlobalSection(ProjectConfigurationPlatforms) = postSolution
		{E3F935EC-B269-4149-A4C7-85F914D7218A}.Debug|Any CPU.ActiveCfg = Debug|Any CPU
		{E3F935EC-B269-4149-A4C7-85F914D7218A}.Debug|Any CPU.Build.0 = Debug|Any CPU
		{E3F935EC-B269-4149-A4C7-85F914D7218A}.Release|Any CPU.ActiveCfg = Release|Any CPU
		{E3F935EC-B269-4149-A4C7-85F914D7218A}.Release|Any CPU.Build.0 = Release|Any CPU
	EndGlobalSection
	GlobalSection(SolutionProperties) = preSolution
		HideSolutionNode = FALSE
	EndGlobalSection
	GlobalSection(ExtensibilityGlobals) = postSolution
		SolutionGuid = {64CFBD27-1FDE-43E1-8195-DB5D906CB246}
	EndGlobalSection
EndGlobal
